
Microsoft Visual Studio Solution File, Format Version 12.00
# Visual Studio Version 17
VisualStudioVersion = 17.3.32825.248
MinimumVisualStudioVersion = 10.0.40219.1
Project("{FAE04EC0-301F-11D3-BF4B-00C04F79EFBC}") = "commission calculation", "commission calculation\commission calculation.csproj", "{1D2875BA-2692-4AD9-8460-B2CE7AC886BA}"
EndProject
Global
	GlobalSection(SolutionConfigurationPlatforms) = preSolution
		Debug|Any CPU = Debug|Any CPU
		Release|Any CPU = Release|Any CPU
	EndGlobalSection
	GlobalSection(ProjectConfigurationPlatforms) = postSolution
		{1D2875BA-2692-4AD9-8460-B2CE7AC886BA}.Debug|Any CPU.ActiveCfg = Debug|Any CPU
		{1D2875BA-2692-4AD9-8460-B2CE7AC886BA}.Debug|Any CPU.Build.0 = Debug|Any CPU
		{1D2875BA-2692-4AD9-8460-B2CE7AC886BA}.Release|Any CPU.ActiveCfg = Release|Any CPU
		{1D2875BA-2692-4AD9-8460-B2CE7AC886BA}.Release|Any CPU.Build.0 = Release|Any CPU
	EndGlobalSection
	GlobalSection(SolutionProperties) = preSolution
		HideSolutionNode = FALSE
	EndGlobalSection
	GlobalSection(ExtensibilityGlobals) = postSolution
		SolutionGuid = {599EB388-8320-4584-A0F4-EF467E35FE71}
	EndGlobalSection
EndGlobal
